
Microsoft Visual Studio Solution File, Format Version 12.00
# Visual Studio Version 17
VisualStudioVersion = 17.10.34916.146
MinimumVisualStudioVersion = 10.0.40219.1
Project("{8BC9CEB8-8B4A-11D0-8D11-00A0C91BC942}") = "Functions", "Functions\Functions.vcxproj", "{EE1750BC-B551-4C5B-9A10-BDF9217A2569}"
EndProject
Global
	GlobalSection(SolutionConfigurationPlatforms) = preSolution
		Debug|x64 = Debug|x64
		Debug|x86 = Debug|x86
		Release|x64 = Release|x64
		Release|x86 = Release|x86
	EndGlobalSection
	GlobalSection(ProjectConfigurationPlatforms) = postSolution
		{EE1750BC-B551-4C5B-9A10-BDF9217A2569}.Debug|x64.ActiveCfg = Debug|x64
		{EE1750BC-B551-4C5B-9A10-BDF9217A2569}.Debug|x64.Build.0 = Debug|x64
		{EE1750BC-B551-4C5B-9A10-BDF9217A2569}.Debug|x86.ActiveCfg = Debug|Win32
		{EE1750BC-B551-4C5B-9A10-BDF9217A2569}.Debug|x86.Build.0 = Debug|Win32
		{EE1750BC-B551-4C5B-9A10-BDF9217A2569}.Release|x64.ActiveCfg = Release|x64
		{EE1750BC-B551-4C5B-9A10-BDF9217A2569}.Release|x64.Build.0 = Release|x64
		{EE1750BC-B551-4C5B-9A10-BDF9217A2569}.Release|x86.ActiveCfg = Release|Win32
		{EE1750BC-B551-4C5B-9A10-BDF9217A2569}.Release|x86.Build.0 = Release|Win32
	EndGlobalSection
	GlobalSection(SolutionProperties) = preSolution
		HideSolutionNode = FALSE
	EndGlobalSection
	GlobalSection(ExtensibilityGlobals) = postSolution
		SolutionGuid = {6F6D9B81-1DDF-4E50-B703-0BE860675635}
	EndGlobalSection
EndGlobal
